// !$*UTF8*$!
{
	archiveVersion = 1;
	classes = {
	};
	objectVersion = 56;
	objects = {

/* Begin PBXBuildFile section */
		356458C62B85DC59002B2EE6 /* Ios_projectApp.swift in Sources */ = {isa = PBXBuildFile; fileRef = 356458C52B85DC59002B2EE6 /* Ios_projectApp.swift */; };
		356458C82B85DC59002B2EE6 /* ContentView.swift in Sources */ = {isa = PBXBuildFile; fileRef = 356458C72B85DC59002B2EE6 /* ContentView.swift */; };
		356458CA2B85DC5A002B2EE6 /* Assets.xcassets in Resources */ = {isa = PBXBuildFile; fileRef = 356458C92B85DC5A002B2EE6 /* Assets.xcassets */; };
		356458CE2B85DC5A002B2EE6 /* Preview Assets.xcassets in Resources */ = {isa = PBXBuildFile; fileRef = 356458CD2B85DC5A002B2EE6 /* Preview Assets.xcassets */; };
		356458D82B85DC5A002B2EE6 /* Ios_projectTests.swift in Sources */ = {isa = PBXBuildFile; fileRef = 356458D72B85DC5A002B2EE6 /* Ios_projectTests.swift */; };
		356458E22B85DC5A002B2EE6 /* Ios_projectUITests.swift in Sources */ = {isa = PBXBuildFile; fileRef = 356458E12B85DC5A002B2EE6 /* Ios_projectUITests.swift */; };
		356458E42B85DC5A002B2EE6 /* Ios_projectUITestsLaunchTests.swift in Sources */ = {isa = PBXBuildFile; fileRef = 356458E32B85DC5A002B2EE6 /* Ios_projectUITestsLaunchTests.swift */; };
/* End PBXBuildFile section */

/* Begin PBXContainerItemProxy section */
		356458D42B85DC5A002B2EE6 /* PBXContainerItemProxy */ = {
			isa = PBXContainerItemProxy;
			containerPortal = 356458BA2B85DC59002B2EE6 /* Project object */;
			proxyType = 1;
			remoteGlobalIDString = 356458C12B85DC59002B2EE6;
			remoteInfo = "Ios project";
		};
		356458DE2B85DC5A002B2EE6 /* PBXContainerItemProxy */ = {
			isa = PBXContainerItemProxy;
			containerPortal = 356458BA2B85DC59002B2EE6 /* Project object */;
			proxyType = 1;
			remoteGlobalIDString = 356458C12B85DC59002B2EE6;
			remoteInfo = "Ios project";
		};
/* End PBXContainerItemProxy section */

/* Begin PBXFileReference section */
		356458C22B85DC59002B2EE6 /* Ios project.app */ = {isa = PBXFileReference; explicitFileType = wrapper.application; includeInIndex = 0; path = "Ios project.app"; sourceTree = BUILT_PRODUCTS_DIR; };
		356458C52B85DC59002B2EE6 /* Ios_projectApp.swift */ = {isa = PBXFileReference; lastKnownFileType = sourcecode.swift; path = Ios_projectApp.swift; sourceTree = "<group>"; };
		356458C72B85DC59002B2EE6 /* ContentView.swift */ = {isa = PBXFileReference; lastKnownFileType = sourcecode.swift; path = ContentView.swift; sourceTree = "<group>"; };
		356458C92B85DC5A002B2EE6 /* Assets.xcassets */ = {isa = PBXFileReference; lastKnownFileType = folder.assetcatalog; path = Assets.xcassets; sourceTree = "<group>"; };
		356458CB2B85DC5A002B2EE6 /* Ios_project.entitlements */ = {isa = PBXFileReference; lastKnownFileType = text.plist.entitlements; path = Ios_project.entitlements; sourceTree = "<group>"; };
		356458CD2B85DC5A002B2EE6 /* Preview Assets.xcassets */ = {isa = PBXFileReference; lastKnownFileType = folder.assetcatalog; path = "Preview Assets.xcassets"; sourceTree = "<group>"; };
		356458D32B85DC5A002B2EE6 /* Ios projectTests.xctest */ = {isa = PBXFileReference; explicitFileType = wrapper.cfbundle; includeInIndex = 0; path = "Ios projectTests.xctest"; sourceTree = BUILT_PRODUCTS_DIR; };
		356458D72B85DC5A002B2EE6 /* Ios_projectTests.swift */ = {isa = PBXFileReference; lastKnownFileType = sourcecode.swift; path = Ios_projectTests.swift; sourceTree = "<group>"; };
		356458DD2B85DC5A002B2EE6 /* Ios projectUITests.xctest */ = {isa = PBXFileReference; explicitFileType = wrapper.cfbundle; includeInIndex = 0; path = "Ios projectUITests.xctest"; sourceTree = BUILT_PRODUCTS_DIR; };
		356458E12B85DC5A002B2EE6 /* Ios_projectUITests.swift */ = {isa = PBXFileReference; lastKnownFileType = sourcecode.swift; path = Ios_projectUITests.swift; sourceTree = "<group>"; };
		356458E32B85DC5A002B2EE6 /* Ios_projectUITestsLaunchTests.swift */ = {isa = PBXFileReference; lastKnownFileType = sourcecode.swift; path = Ios_projectUITestsLaunchTests.swift; sourceTree = "<group>"; };
/* End PBXFileReference section */

/* Begin PBXFrameworksBuildPhase section */
		356458BF2B85DC59002B2EE6 /* Frameworks */ = {
			isa = PBXFrameworksBuildPhase;
			buildActionMask = 2147483647;
			files = (
			);
			runOnlyForDeploymentPostprocessing = 0;
		};
		356458D02B85DC5A002B2EE6 /* Frameworks */ = {
			isa = PBXFrameworksBuildPhase;
			buildActionMask = 2147483647;
			files = (
			);
			runOnlyForDeploymentPostprocessing = 0;
		};
		356458DA2B85DC5A002B2EE6 /* Frameworks */ = {
			isa = PBXFrameworksBuildPhase;
			buildActionMask = 2147483647;
			files = (
			);
			runOnlyForDeploymentPostprocessing = 0;
		};
/* End PBXFrameworksBuildPhase section */

/* Begin PBXGroup section */
		356458B92B85DC59002B2EE6 = {
			isa = PBXGroup;
			children = (
				356458C42B85DC59002B2EE6 /* Ios project */,
				356458D62B85DC5A002B2EE6 /* Ios projectTests */,
				356458E02B85DC5A002B2EE6 /* Ios projectUITests */,
				356458C32B85DC59002B2EE6 /* Products */,
			);
			sourceTree = "<group>";
		};
		356458C32B85DC59002B2EE6 /* Products */ = {
			isa = PBXGroup;
			children = (
				356458C22B85DC59002B2EE6 /* Ios project.app */,
				356458D32B85DC5A002B2EE6 /* Ios projectTests.xctest */,
				356458DD2B85DC5A002B2EE6 /* Ios projectUITests.xctest */,
			);
			name = Products;
			sourceTree = "<group>";
		};
		356458C42B85DC59002B2EE6 /* Ios project */ = {
			isa = PBXGroup;
			children = (
				356458C52B85DC59002B2EE6 /* Ios_projectApp.swift */,
				356458C72B85DC59002B2EE6 /* ContentView.swift */,
				356458C92B85DC5A002B2EE6 /* Assets.xcassets */,
				356458CB2B85DC5A002B2EE6 /* Ios_project.entitlements */,
				356458CC2B85DC5A002B2EE6 /* Preview Content */,
			);
			path = "Ios project";
			sourceTree = "<group>";
		};
		356458CC2B85DC5A002B2EE6 /* Preview Content */ = {
			isa = PBXGroup;
			children = (
				356458CD2B85DC5A002B2EE6 /* Preview Assets.xcassets */,
			);
			path = "Preview Content";
			sourceTree = "<group>";
		};
		356458D62B85DC5A002B2EE6 /* Ios projectTests */ = {
			isa = PBXGroup;
			children = (
				356458D72B85DC5A002B2EE6 /* Ios_projectTests.swift */,
			);
			path = "Ios projectTests";
			sourceTree = "<group>";
		};
		356458E02B85DC5A002B2EE6 /* Ios projectUITests */ = {
			isa = PBXGroup;
			children = (
				356458E12B85DC5A002B2EE6 /* Ios_projectUITests.swift */,
				356458E32B85DC5A002B2EE6 /* Ios_projectUITestsLaunchTests.swift */,
			);
			path = "Ios projectUITests";
			sourceTree = "<group>";
		};
/* End PBXGroup section */

/* Begin PBXNativeTarget section */
		356458C12B85DC59002B2EE6 /* Ios project */ = {
			isa = PBXNativeTarget;
			buildConfigurationList = 356458E72B85DC5A002B2EE6 /* Build configuration list for PBXNativeTarget "Ios project" */;
			buildPhases = (
				356458BE2B85DC59002B2EE6 /* Sources */,
				356458BF2B85DC59002B2EE6 /* Frameworks */,
				356458C02B85DC59002B2EE6 /* Resources */,
			);
			buildRules = (
			);
			dependencies = (
			);
			name = "Ios project";
			productName = "Ios project";
			productReference = 356458C22B85DC59002B2EE6 /* Ios project.app */;
			productType = "com.apple.product-type.application";
		};
		356458D22B85DC5A002B2EE6 /* Ios projectTests */ = {
			isa = PBXNativeTarget;
			buildConfigurationList = 356458EA2B85DC5A002B2EE6 /* Build configuration list for PBXNativeTarget "Ios projectTests" */;
			buildPhases = (
				356458CF2B85DC5A002B2EE6 /* Sources */,
				356458D02B85DC5A002B2EE6 /* Frameworks */,
				356458D12B85DC5A002B2EE6 /* Resources */,
			);
			buildRules = (
			);
			dependencies = (
				356458D52B85DC5A002B2EE6 /* PBXTargetDependency */,
			);
			name = "Ios projectTests";
			productName = "Ios projectTests";
			productReference = 356458D32B85DC5A002B2EE6 /* Ios projectTests.xctest */;
			productType = "com.apple.product-type.bundle.unit-test";
		};
		356458DC2B85DC5A002B2EE6 /* Ios projectUITests */ = {
			isa = PBXNativeTarget;
			buildConfigurationList = 356458ED2B85DC5A002B2EE6 /* Build configuration list for PBXNativeTarget "Ios projectUITests" */;
			buildPhases = (
				356458D92B85DC5A002B2EE6 /* Sources */,
				356458DA2B85DC5A002B2EE6 /* Frameworks */,
				356458DB2B85DC5A002B2EE6 /* Resources */,
			);
			buildRules = (
			);
			dependencies = (
				356458DF2B85DC5A002B2EE6 /* PBXTargetDependency */,
			);
			name = "Ios projectUITests";
			productName = "Ios projectUITests";
			productReference = 356458DD2B85DC5A002B2EE6 /* Ios projectUITests.xctest */;
			productType = "com.apple.product-type.bundle.ui-testing";
		};
/* End PBXNativeTarget section */

/* Begin PBXProject section */
		356458BA2B85DC59002B2EE6 /* Project object */ = {
			isa = PBXProject;
			attributes = {
				BuildIndependentTargetsInParallel = 1;
				LastSwiftUpdateCheck = 1520;
				LastUpgradeCheck = 1520;
				TargetAttributes = {
					356458C12B85DC59002B2EE6 = {
						CreatedOnToolsVersion = 15.2;
					};
					356458D22B85DC5A002B2EE6 = {
						CreatedOnToolsVersion = 15.2;
						TestTargetID = 356458C12B85DC59002B2EE6;
					};
					356458DC2B85DC5A002B2EE6 = {
						CreatedOnToolsVersion = 15.2;
						TestTargetID = 356458C12B85DC59002B2EE6;
					};
				};
			};
			buildConfigurationList = 356458BD2B85DC59002B2EE6 /* Build configuration list for PBXProject "Ios project" */;
			compatibilityVersion = "Xcode 14.0";
			developmentRegion = en;
			hasScannedForEncodings = 0;
			knownRegions = (
				en,
				Base,
			);
			mainGroup = 356458B92B85DC59002B2EE6;
			productRefGroup = 356458C32B85DC59002B2EE6 /* Products */;
			projectDirPath = "";
			projectRoot = "";
			targets = (
				356458C12B85DC59002B2EE6 /* Ios project */,
				356458D22B85DC5A002B2EE6 /* Ios projectTests */,
				356458DC2B85DC5A002B2EE6 /* Ios projectUITests */,
			);
		};
/* End PBXProject section */

/* Begin PBXResourcesBuildPhase section */
		356458C02B85DC59002B2EE6 /* Resources */ = {
			isa = PBXResourcesBuildPhase;
			buildActionMask = 2147483647;
			files = (
				356458CE2B85DC5A002B2EE6 /* Preview Assets.xcassets in Resources */,
				356458CA2B85DC5A002B2EE6 /* Assets.xcassets in Resources */,
			);
			runOnlyForDeploymentPostprocessing = 0;
		};
		356458D12B85DC5A002B2EE6 /* Resources */ = {
			isa = PBXResourcesBuildPhase;
			buildActionMask = 2147483647;
			files = (
			);
			runOnlyForDeploymentPostprocessing = 0;
		};
		356458DB2B85DC5A002B2EE6 /* Resources */ = {
			isa = PBXResourcesBuildPhase;
			buildActionMask = 2147483647;
			files = (
			);
			runOnlyForDeploymentPostprocessing = 0;
		};
/* End PBXResourcesBuildPhase section */

/* Begin PBXSourcesBuildPhase section */
		356458BE2B85DC59002B2EE6 /* Sources */ = {
			isa = PBXSourcesBuildPhase;
			buildActionMask = 2147483647;
			files = (
				356458C82B85DC59002B2EE6 /* ContentView.swift in Sources */,
				356458C62B85DC59002B2EE6 /* Ios_projectApp.swift in Sources */,
			);
			runOnlyForDeploymentPostprocessing = 0;
		};
		356458CF2B85DC5A002B2EE6 /* Sources */ = {
			isa = PBXSourcesBuildPhase;
			buildActionMask = 2147483647;
			files = (
				356458D82B85DC5A002B2EE6 /* Ios_projectTests.swift in Sources */,
			);
			runOnlyForDeploymentPostprocessing = 0;
		};
		356458D92B85DC5A002B2EE6 /* Sources */ = {
			isa = PBXSourcesBuildPhase;
			buildActionMask = 2147483647;
			files = (
				356458E42B85DC5A002B2EE6 /* Ios_projectUITestsLaunchTests.swift in Sources */,
				356458E22B85DC5A002B2EE6 /* Ios_projectUITests.swift in Sources */,
			);
			runOnlyForDeploymentPostprocessing = 0;
		};
/* End PBXSourcesBuildPhase section */

/* Begin PBXTargetDependency section */
		356458D52B85DC5A002B2EE6 /* PBXTargetDependency */ = {
			isa = PBXTargetDependency;
			target = 356458C12B85DC59002B2EE6 /* Ios project */;
			targetProxy = 356458D42B85DC5A002B2EE6 /* PBXContainerItemProxy */;
		};
		356458DF2B85DC5A002B2EE6 /* PBXTargetDependency */ = {
			isa = PBXTargetDependency;
			target = 356458C12B85DC59002B2EE6 /* Ios project */;
			targetProxy = 356458DE2B85DC5A002B2EE6 /* PBXContainerItemProxy */;
		};
/* End PBXTargetDependency section */

/* Begin XCBuildConfiguration section */
		356458E52B85DC5A002B2EE6 /* Debug */ = {
			isa = XCBuildConfiguration;
			buildSettings = {
				ALWAYS_SEARCH_USER_PATHS = NO;
				ASSETCATALOG_COMPILER_GENERATE_SWIFT_ASSET_SYMBOL_EXTENSIONS = YES;
				CLANG_ANALYZER_NONNULL = YES;
				CLANG_ANALYZER_NUMBER_OBJECT_CONVERSION = YES_AGGRESSIVE;
				CLANG_CXX_LANGUAGE_STANDARD = "gnu++20";
				CLANG_ENABLE_MODULES = YES;
				CLANG_ENABLE_OBJC_ARC = YES;
				CLANG_ENABLE_OBJC_WEAK = YES;
				CLANG_WARN_BLOCK_CAPTURE_AUTORELEASING = YES;
				CLANG_WARN_BOOL_CONVERSION = YES;
				CLANG_WARN_COMMA = YES;
				CLANG_WARN_CONSTANT_CONVERSION = YES;
				CLANG_WARN_DEPRECATED_OBJC_IMPLEMENTATIONS = YES;
				CLANG_WARN_DIRECT_OBJC_ISA_USAGE = YES_ERROR;
				CLANG_WARN_DOCUMENTATION_COMMENTS = YES;
				CLANG_WARN_EMPTY_BODY = YES;
				CLANG_WARN_ENUM_CONVERSION = YES;
				CLANG_WARN_INFINITE_RECURSION = YES;
				CLANG_WARN_INT_CONVERSION = YES;
				CLANG_WARN_NON_LITERAL_NULL_CONVERSION = YES;
				CLANG_WARN_OBJC_IMPLICIT_RETAIN_SELF = YES;
				CLANG_WARN_OBJC_LITERAL_CONVERSION = YES;
				CLANG_WARN_OBJC_ROOT_CLASS = YES_ERROR;
				CLANG_WARN_QUOTED_INCLUDE_IN_FRAMEWORK_HEADER = YES;
				CLANG_WARN_RANGE_LOOP_ANALYSIS = YES;
				CLANG_WARN_STRICT_PROTOTYPES = YES;
				CLANG_WARN_SUSPICIOUS_MOVE = YES;
				CLANG_WARN_UNGUARDED_AVAILABILITY = YES_AGGRESSIVE;
				CLANG_WARN_UNREACHABLE_CODE = YES;
				CLANG_WARN__DUPLICATE_METHOD_MATCH = YES;
				COPY_PHASE_STRIP = NO;
				DEBUG_INFORMATION_FORMAT = dwarf;
				ENABLE_STRICT_OBJC_MSGSEND = YES;
				ENABLE_TESTABILITY = YES;
				ENABLE_USER_SCRIPT_SANDBOXING = YES;
				GCC_C_LANGUAGE_STANDARD = gnu17;
				GCC_DYNAMIC_NO_PIC = NO;
				GCC_NO_COMMON_BLOCKS = YES;
				GCC_OPTIMIZATION_LEVEL = 0;
				GCC_PREPROCESSOR_DEFINITIONS = (
					"DEBUG=1",
					"$(inherited)",
				);
				GCC_WARN_64_TO_32_BIT_CONVERSION = YES;
				GCC_WARN_ABOUT_RETURN_TYPE = YES_ERROR;
				GCC_WARN_UNDECLARED_SELECTOR = YES;
				GCC_WARN_UNINITIALIZED_AUTOS = YES_AGGRESSIVE;
				GCC_WARN_UNUSED_FUNCTION = YES;
				GCC_WARN_UNUSED_VARIABLE = YES;
				LOCALIZATION_PREFERS_STRING_CATALOGS = YES;
				MTL_ENABLE_DEBUG_INFO = INCLUDE_SOURCE;
				MTL_FAST_MATH = YES;
				ONLY_ACTIVE_ARCH = YES;
				SWIFT_ACTIVE_COMPILATION_CONDITIONS = "DEBUG $(inherited)";
				SWIFT_OPTIMIZATION_LEVEL = "-Onone";
			};
			name = Debug;
		};
		356458E62B85DC5A002B2EE6 /* Release */ = {
			isa = XCBuildConfiguration;
			buildSettings = {
				ALWAYS_SEARCH_USER_PATHS = NO;
				ASSETCATALOG_COMPILER_GENERATE_SWIFT_ASSET_SYMBOL_EXTENSIONS = YES;
				CLANG_ANALYZER_NONNULL = YES;
				CLANG_ANALYZER_NUMBER_OBJECT_CONVERSION = YES_AGGRESSIVE;
				CLANG_CXX_LANGUAGE_STANDARD = "gnu++20";
				CLANG_ENABLE_MODULES = YES;
				CLANG_ENABLE_OBJC_ARC = YES;
				CLANG_ENABLE_OBJC_WEAK = YES;
				CLANG_WARN_BLOCK_CAPTURE_AUTORELEASING = YES;
				CLANG_WARN_BOOL_CONVERSION = YES;
				CLANG_WARN_COMMA = YES;
				CLANG_WARN_CONSTANT_CONVERSION = YES;
				CLANG_WARN_DEPRECATED_OBJC_IMPLEMENTATIONS = YES;
				CLANG_WARN_DIRECT_OBJC_ISA_USAGE = YES_ERROR;
				CLANG_WARN_DOCUMENTATION_COMMENTS = YES;
				CLANG_WARN_EMPTY_BODY = YES;
				CLANG_WARN_ENUM_CONVERSION = YES;
				CLANG_WARN_INFINITE_RECURSION = YES;
				CLANG_WARN_INT_CONVERSION = YES;
				CLANG_WARN_NON_LITERAL_NULL_CONVERSION = YES;
				CLANG_WARN_OBJC_IMPLICIT_RETAIN_SELF = YES;
				CLANG_WARN_OBJC_LITERAL_CONVERSION = YES;
				CLANG_WARN_OBJC_ROOT_CLASS = YES_ERROR;
				CLANG_WARN_QUOTED_INCLUDE_IN_FRAMEWORK_HEADER = YES;
				CLANG_WARN_RANGE_LOOP_ANALYSIS = YES;
				CLANG_WARN_STRICT_PROTOTYPES = YES;
				CLANG_WARN_SUSPICIOUS_MOVE = YES;
				CLANG_WARN_UNGUARDED_AVAILABILITY = YES_AGGRESSIVE;
				CLANG_WARN_UNREACHABLE_CODE = YES;
				CLANG_WARN__DUPLICATE_METHOD_MATCH = YES;
				COPY_PHASE_STRIP = NO;
				DEBUG_INFORMATION_FORMAT = "dwarf-with-dsym";
				ENABLE_NS_ASSERTIONS = NO;
				ENABLE_STRICT_OBJC_MSGSEND = YES;
				ENABLE_USER_SCRIPT_SANDBOXING = YES;
				GCC_C_LANGUAGE_STANDARD = gnu17;
				GCC_NO_COMMON_BLOCKS = YES;
				GCC_WARN_64_TO_32_BIT_CONVERSION = YES;
				GCC_WARN_ABOUT_RETURN_TYPE = YES_ERROR;
				GCC_WARN_UNDECLARED_SELECTOR = YES;
				GCC_WARN_UNINITIALIZED_AUTOS = YES_AGGRESSIVE;
				GCC_WARN_UNUSED_FUNCTION = YES;
				GCC_WARN_UNUSED_VARIABLE = YES;
				LOCALIZATION_PREFERS_STRING_CATALOGS = YES;
				MTL_ENABLE_DEBUG_INFO = NO;
				MTL_FAST_MATH = YES;
				SWIFT_COMPILATION_MODE = wholemodule;
			};
			name = Release;
		};
		356458E82B85DC5A002B2EE6 /* Debug */ = {
			isa = XCBuildConfiguration;
			buildSettings = {
				ASSETCATALOG_COMPILER_APPICON_NAME = AppIcon;
				ASSETCATALOG_COMPILER_GLOBAL_ACCENT_COLOR_NAME = AccentColor;
				CODE_SIGN_ENTITLEMENTS = "Ios project/Ios_project.entitlements";
				CODE_SIGN_STYLE = Automatic;
				CURRENT_PROJECT_VERSION = 1;
				DEVELOPMENT_ASSET_PATHS = "\"Ios project/Preview Content\"";
				ENABLE_PREVIEWS = YES;
				GENERATE_INFOPLIST_FILE = YES;
				"INFOPLIST_KEY_UIApplicationSceneManifest_Generation[sdk=iphoneos*]" = YES;
				"INFOPLIST_KEY_UIApplicationSceneManifest_Generation[sdk=iphonesimulator*]" = YES;
				"INFOPLIST_KEY_UIApplicationSupportsIndirectInputEvents[sdk=iphoneos*]" = YES;
				"INFOPLIST_KEY_UIApplicationSupportsIndirectInputEvents[sdk=iphonesimulator*]" = YES;
				"INFOPLIST_KEY_UILaunchScreen_Generation[sdk=iphoneos*]" = YES;
				"INFOPLIST_KEY_UILaunchScreen_Generation[sdk=iphonesimulator*]" = YES;
				"INFOPLIST_KEY_UIStatusBarStyle[sdk=iphoneos*]" = UIStatusBarStyleDefault;
				"INFOPLIST_KEY_UIStatusBarStyle[sdk=iphonesimulator*]" = UIStatusBarStyleDefault;
				INFOPLIST_KEY_UISupportedInterfaceOrientations_iPad = "UIInterfaceOrientationPortrait UIInterfaceOrientationPortraitUpsideDown UIInterfaceOrientationLandscapeLeft UIInterfaceOrientationLandscapeRight";
				INFOPLIST_KEY_UISupportedInterfaceOrientations_iPhone = "UIInterfaceOrientationPortrait UIInterfaceOrientationLandscapeLeft UIInterfaceOrientationLandscapeRight";
				IPHONEOS_DEPLOYMENT_TARGET = 17.2;
				LD_RUNPATH_SEARCH_PATHS = "@executable_path/Frameworks";
				"LD_RUNPATH_SEARCH_PATHS[sdk=macosx*]" = "@executable_path/../Frameworks";
				MACOSX_DEPLOYMENT_TARGET = 14.2;
				MARKETING_VERSION = 1.0;
				PRODUCT_BUNDLE_IDENTIFIER = "ZulaxIT.Ios-project";
				PRODUCT_NAME = "$(TARGET_NAME)";
				SDKROOT = auto;
				SUPPORTED_PLATFORMS = "iphoneos iphonesimulator macosx";
				SWIFT_EMIT_LOC_STRINGS = YES;
				SWIFT_VERSION = 5.0;
				TARGETED_DEVICE_FAMILY = "1,2";
			};
			name = Debug;
		};
		356458E92B85DC5A002B2EE6 /* Release */ = {
			isa = XCBuildConfiguration;
			buildSettings = {
				ASSETCATALOG_COMPILER_APPICON_NAME = AppIcon;
				ASSETCATALOG_COMPILER_GLOBAL_ACCENT_COLOR_NAME = AccentColor;
				CODE_SIGN_ENTITLEMENTS = "Ios project/Ios_project.entitlements";
				CODE_SIGN_STYLE = Automatic;
				CURRENT_PROJECT_VERSION = 1;
				DEVELOPMENT_ASSET_PATHS = "\"Ios project/Preview Content\"";
				ENABLE_PREVIEWS = YES;
				GENERATE_INFOPLIST_FILE = YES;
				"INFOPLIST_KEY_UIApplicationSceneManifest_Generation[sdk=iphoneos*]" = YES;
				"INFOPLIST_KEY_UIApplicationSceneManifest_Generation[sdk=iphonesimulator*]" = YES;
				"INFOPLIST_KEY_UIApplicationSupportsIndirectInputEvents[sdk=iphoneos*]" = YES;
				"INFOPLIST_KEY_UIApplicationSupportsIndirectInputEvents[sdk=iphonesimulator*]" = YES;
				"INFOPLIST_KEY_UILaunchScreen_Generation[sdk=iphoneos*]" = YES;
				"INFOPLIST_KEY_UILaunchScreen_Generation[sdk=iphonesimulator*]" = YES;
				"INFOPLIST_KEY_UIStatusBarStyle[sdk=iphoneos*]" = UIStatusBarStyleDefault;
				"INFOPLIST_KEY_UIStatusBarStyle[sdk=iphonesimulator*]" = UIStatusBarStyleDefault;
				INFOPLIST_KEY_UISupportedInterfaceOrientations_iPad = "UIInterfaceOrientationPortrait UIInterfaceOrientationPortraitUpsideDown UIInterfaceOrientationLandscapeLeft UIInterfaceOrientationLandscapeRight";
				INFOPLIST_KEY_UISupportedInterfaceOrientations_iPhone = "UIInterfaceOrientationPortrait UIInterfaceOrientationLandscapeLeft UIInterfaceOrientationLandscapeRight";
				IPHONEOS_DEPLOYMENT_TARGET = 17.2;
				LD_RUNPATH_SEARCH_PATHS = "@executable_path/Frameworks";
				"LD_RUNPATH_SEARCH_PATHS[sdk=macosx*]" = "@executable_path/../Frameworks";
				MACOSX_DEPLOYMENT_TARGET = 14.2;
				MARKETING_VERSION = 1.0;
				PRODUCT_BUNDLE_IDENTIFIER = "ZulaxIT.Ios-project";
				PRODUCT_NAME = "$(TARGET_NAME)";
				SDKROOT = auto;
				SUPPORTED_PLATFORMS = "iphoneos iphonesimulator macosx";
				SWIFT_EMIT_LOC_STRINGS = YES;
				SWIFT_VERSION = 5.0;
				TARGETED_DEVICE_FAMILY = "1,2";
			};
			name = Release;
		};
		356458EB2B85DC5A002B2EE6 /* Debug */ = {
			isa = XCBuildConfiguration;
			buildSettings = {
				ALWAYS_EMBED_SWIFT_STANDARD_LIBRARIES = YES;
				BUNDLE_LOADER = "$(TEST_HOST)";
				CODE_SIGN_STYLE = Automatic;
				CURRENT_PROJECT_VERSION = 1;
				GENERATE_INFOPLIST_FILE = YES;
				IPHONEOS_DEPLOYMENT_TARGET = 17.2;
				MACOSX_DEPLOYMENT_TARGET = 14.2;
				MARKETING_VERSION = 1.0;
				PRODUCT_BUNDLE_IDENTIFIER = "ZulaxIT.Ios-projectTests";
				PRODUCT_NAME = "$(TARGET_NAME)";
				SDKROOT = auto;
				SUPPORTED_PLATFORMS = "iphoneos iphonesimulator macosx";
				SWIFT_EMIT_LOC_STRINGS = NO;
				SWIFT_VERSION = 5.0;
				TARGETED_DEVICE_FAMILY = "1,2";
				TEST_HOST = "$(BUILT_PRODUCTS_DIR)/Ios project.app/$(BUNDLE_EXECUTABLE_FOLDER_PATH)/Ios project";
			};
			name = Debug;
		};
		356458EC2B85DC5A002B2EE6 /* Release */ = {
			isa = XCBuildConfiguration;
			buildSettings = {
				ALWAYS_EMBED_SWIFT_STANDARD_LIBRARIES = YES;
				BUNDLE_LOADER = "$(TEST_HOST)";
				CODE_SIGN_STYLE = Automatic;
				CURRENT_PROJECT_VERSION = 1;
				GENERATE_INFOPLIST_FILE = YES;
				IPHONEOS_DEPLOYMENT_TARGET = 17.2;
				MACOSX_DEPLOYMENT_TARGET = 14.2;
				MARKETING_VERSION = 1.0;
				PRODUCT_BUNDLE_IDENTIFIER = "ZulaxIT.Ios-projectTests";
				PRODUCT_NAME = "$(TARGET_NAME)";
				SDKROOT = auto;
				SUPPORTED_PLATFORMS = "iphoneos iphonesimulator macosx";
				SWIFT_EMIT_LOC_STRINGS = NO;
				SWIFT_VERSION = 5.0;
				TARGETED_DEVICE_FAMILY = "1,2";
				TEST_HOST = "$(BUILT_PRODUCTS_DIR)/Ios project.app/$(BUNDLE_EXECUTABLE_FOLDER_PATH)/Ios project";
			};
			name = Release;
		};
		356458EE2B85DC5A002B2EE6 /* Debug */ = {
			isa = XCBuildConfiguration;
			buildSettings = {
				ALWAYS_EMBED_SWIFT_STANDARD_LIBRARIES = YES;
				CODE_SIGN_STYLE = Automatic;
				CURRENT_PROJECT_VERSION = 1;
				GENERATE_INFOPLIST_FILE = YES;
				IPHONEOS_DEPLOYMENT_TARGET = 17.2;
				MACOSX_DEPLOYMENT_TARGET = 14.2;
				MARKETING_VERSION = 1.0;
				PRODUCT_BUNDLE_IDENTIFIER = "ZulaxIT.Ios-projectUITests";
				PRODUCT_NAME = "$(TARGET_NAME)";
				SDKROOT = auto;
				SUPPORTED_PLATFORMS = "iphoneos iphonesimulator macosx";
				SWIFT_EMIT_LOC_STRINGS = NO;
				SWIFT_VERSION = 5.0;
				TARGETED_DEVICE_FAMILY = "1,2";
				TEST_TARGET_NAME = "Ios project";
			};
			name = Debug;
		};
		356458EF2B85DC5A002B2EE6 /* Release */ = {
			isa = XCBuildConfiguration;
			buildSettings = {
				ALWAYS_EMBED_SWIFT_STANDARD_LIBRARIES = YES;
				CODE_SIGN_STYLE = Automatic;
				CURRENT_PROJECT_VERSION = 1;
				GENERATE_INFOPLIST_FILE = YES;
				IPHONEOS_DEPLOYMENT_TARGET = 17.2;
				MACOSX_DEPLOYMENT_TARGET = 14.2;
				MARKETING_VERSION = 1.0;
				PRODUCT_BUNDLE_IDENTIFIER = "ZulaxIT.Ios-projectUITests";
				PRODUCT_NAME = "$(TARGET_NAME)";
				SDKROOT = auto;
				SUPPORTED_PLATFORMS = "iphoneos iphonesimulator macosx";
				SWIFT_EMIT_LOC_STRINGS = NO;
				SWIFT_VERSION = 5.0;
				TARGETED_DEVICE_FAMILY = "1,2";
				TEST_TARGET_NAME = "Ios project";
			};
			name = Release;
		};
/* End XCBuildConfiguration section */

/* Begin XCConfigurationList section */
		356458BD2B85DC59002B2EE6 /* Build configuration list for PBXProject "Ios project" */ = {
			isa = XCConfigurationList;
			buildConfigurations = (
				356458E52B85DC5A002B2EE6 /* Debug */,
				356458E62B85DC5A002B2EE6 /* Release */,
			);
			defaultConfigurationIsVisible = 0;
			defaultConfigurationName = Release;
		};
		356458E72B85DC5A002B2EE6 /* Build configuration list for PBXNativeTarget "Ios project" */ = {
			isa = XCConfigurationList;
			buildConfigurations = (
				356458E82B85DC5A002B2EE6 /* Debug */,
				356458E92B85DC5A002B2EE6 /* Release */,
			);
			defaultConfigurationIsVisible = 0;
			defaultConfigurationName = Release;
		};
		356458EA2B85DC5A002B2EE6 /* Build configuration list for PBXNativeTarget "Ios projectTests" */ = {
			isa = XCConfigurationList;
			buildConfigurations = (
				356458EB2B85DC5A002B2EE6 /* Debug */,
				356458EC2B85DC5A002B2EE6 /* Release */,
			);
			defaultConfigurationIsVisible = 0;
			defaultConfigurationName = Release;
		};
		356458ED2B85DC5A002B2EE6 /* Build configuration list for PBXNativeTarget "Ios projectUITests" */ = {
			isa = XCConfigurationList;
			buildConfigurations = (
				356458EE2B85DC5A002B2EE6 /* Debug */,
				356458EF2B85DC5A002B2EE6 /* Release */,
			);
			defaultConfigurationIsVisible = 0;
			defaultConfigurationName = Release;
		};
/* End XCConfigurationList section */
	};
	rootObject = 356458BA2B85DC59002B2EE6 /* Project object */;
}
